
Microsoft Visual Studio Solution File, Format Version 12.00
# Visual Studio Version 17
VisualStudioVersion = 17.6.33829.357
MinimumVisualStudioVersion = 10.0.40219.1
Project("{FAE04EC0-301F-11D3-BF4B-00C04F79EFBC}") = "listVmvc", "listVmvc\listVmvc.csproj", "{548551A6-6325-454F-979F-2C582CADFC31}"
EndProject
Global
	GlobalSection(SolutionConfigurationPlatforms) = preSolution
		Debug|Any CPU = Debug|Any CPU
		Release|Any CPU = Release|Any CPU
	EndGlobalSection
	GlobalSection(ProjectConfigurationPlatforms) = postSolution
		{548551A6-6325-454F-979F-2C582CADFC31}.Debug|Any CPU.ActiveCfg = Debug|Any CPU
		{548551A6-6325-454F-979F-2C582CADFC31}.Debug|Any CPU.Build.0 = Debug|Any CPU
		{548551A6-6325-454F-979F-2C582CADFC31}.Release|Any CPU.ActiveCfg = Release|Any CPU
		{548551A6-6325-454F-979F-2C582CADFC31}.Release|Any CPU.Build.0 = Release|Any CPU
	EndGlobalSection
	GlobalSection(SolutionProperties) = preSolution
		HideSolutionNode = FALSE
	EndGlobalSection
	GlobalSection(ExtensibilityGlobals) = postSolution
		SolutionGuid = {B3C6318C-92DE-41C7-A706-664F2221DDCE}
	EndGlobalSection
EndGlobal
